
Microsoft Visual Studio Solution File, Format Version 12.00
# Visual Studio 14
VisualStudioVersion = 14.0.25420.1
MinimumVisualStudioVersion = 10.0.40219.1
Project("{2150E333-8FDC-42A3-9474-1A3956D46DE8}") = "src", "src", "{E901FA14-6C51-4B1B-A69C-3204DE31E361}"
EndProject
Project("{2150E333-8FDC-42A3-9474-1A3956D46DE8}") = "Solution Items", "Solution Items", "{D6EF6B24-7DB7-468D-B3A9-7E6111C9E3E6}"
	ProjectSection(SolutionItems) = preProject
		global.json = global.json
	EndProjectSection
EndProject
Project("{FAE04EC0-301F-11D3-BF4B-00C04F79EFBC}") = "Mailinator.CSharp.Tests", "Mailinator.CSharp.Tests\Mailinator.CSharp.Tests.csproj", "{0C446BED-CB1A-4396-AAF3-075E806008F3}"
EndProject
Project("{FAE04EC0-301F-11D3-BF4B-00C04F79EFBC}") = "Mailinator.CSharp", "Mailinator.CSharp\Mailinator.CSharp.csproj", "{A9F109EE-3A3B-44E3-9713-A0F123870F62}"
EndProject
Global
	GlobalSection(SolutionConfigurationPlatforms) = preSolution
		Debug|Any CPU = Debug|Any CPU
		Release|Any CPU = Release|Any CPU
	EndGlobalSection
	GlobalSection(ProjectConfigurationPlatforms) = postSolution
		{0C446BED-CB1A-4396-AAF3-075E806008F3}.Debug|Any CPU.ActiveCfg = Debug|Any CPU
		{0C446BED-CB1A-4396-AAF3-075E806008F3}.Debug|Any CPU.Build.0 = Debug|Any CPU
		{0C446BED-CB1A-4396-AAF3-075E806008F3}.Release|Any CPU.ActiveCfg = Release|Any CPU
		{0C446BED-CB1A-4396-AAF3-075E806008F3}.Release|Any CPU.Build.0 = Release|Any CPU
		{A9F109EE-3A3B-44E3-9713-A0F123870F62}.Debug|Any CPU.ActiveCfg = Debug|Any CPU
		{A9F109EE-3A3B-44E3-9713-A0F123870F62}.Debug|Any CPU.Build.0 = Debug|Any CPU
		{A9F109EE-3A3B-44E3-9713-A0F123870F62}.Release|Any CPU.ActiveCfg = Release|Any CPU
		{A9F109EE-3A3B-44E3-9713-A0F123870F62}.Release|Any CPU.Build.0 = Release|Any CPU
	EndGlobalSection
	GlobalSection(SolutionProperties) = preSolution
		HideSolutionNode = FALSE
	EndGlobalSection
	GlobalSection(NestedProjects) = preSolution
		{0C446BED-CB1A-4396-AAF3-075E806008F3} = {E901FA14-6C51-4B1B-A69C-3204DE31E361}
		{A9F109EE-3A3B-44E3-9713-A0F123870F62} = {E901FA14-6C51-4B1B-A69C-3204DE31E361}
	EndGlobalSection
EndGlobal
